
Microsoft Visual Studio Solution File, Format Version 12.00
# Visual Studio 14
VisualStudioVersion = 14.0.24720.0
MinimumVisualStudioVersion = 10.0.40219.1
Project("{FAE04EC0-301F-11D3-BF4B-00C04F79EFBC}") = "Model", "Model\Model.csproj", "{BC8E8254-2AD4-458C-A605-352AEB71A1EE}"
EndProject
Project("{FAE04EC0-301F-11D3-BF4B-00C04F79EFBC}") = "DAL", "DAL\DAL.csproj", "{5058FF20-5B4E-4DCA-BA91-C41AC0DCD282}"
EndProject
Project("{FAE04EC0-301F-11D3-BF4B-00C04F79EFBC}") = "Common", "Common\Common.csproj", "{0D0BF66E-69E6-4C24-8115-5299AE75F420}"
EndProject
Project("{FAE04EC0-301F-11D3-BF4B-00C04F79EFBC}") = "BLL", "BLL\BLL.csproj", "{AA59B86A-ADEA-4C8C-9150-D3B1252648D1}"
EndProject
Project("{FAE04EC0-301F-11D3-BF4B-00C04F79EFBC}") = "Web", "web\Web.csproj", "{17115C08-A549-4A5F-BEED-BF4E0F2A2D1A}"
EndProject
Global
	GlobalSection(SolutionConfigurationPlatforms) = preSolution
		Debug|Any CPU = Debug|Any CPU
		Release|Any CPU = Release|Any CPU
	EndGlobalSection
	GlobalSection(ProjectConfigurationPlatforms) = postSolution
		{BC8E8254-2AD4-458C-A605-352AEB71A1EE}.Debug|Any CPU.ActiveCfg = Debug|Any CPU
		{BC8E8254-2AD4-458C-A605-352AEB71A1EE}.Debug|Any CPU.Build.0 = Debug|Any CPU
		{BC8E8254-2AD4-458C-A605-352AEB71A1EE}.Release|Any CPU.ActiveCfg = Release|Any CPU
		{BC8E8254-2AD4-458C-A605-352AEB71A1EE}.Release|Any CPU.Build.0 = Release|Any CPU
		{5058FF20-5B4E-4DCA-BA91-C41AC0DCD282}.Debug|Any CPU.ActiveCfg = Debug|Any CPU
		{5058FF20-5B4E-4DCA-BA91-C41AC0DCD282}.Debug|Any CPU.Build.0 = Debug|Any CPU
		{5058FF20-5B4E-4DCA-BA91-C41AC0DCD282}.Release|Any CPU.ActiveCfg = Release|Any CPU
		{5058FF20-5B4E-4DCA-BA91-C41AC0DCD282}.Release|Any CPU.Build.0 = Release|Any CPU
		{0D0BF66E-69E6-4C24-8115-5299AE75F420}.Debug|Any CPU.ActiveCfg = Debug|Any CPU
		{0D0BF66E-69E6-4C24-8115-5299AE75F420}.Debug|Any CPU.Build.0 = Debug|Any CPU
		{0D0BF66E-69E6-4C24-8115-5299AE75F420}.Release|Any CPU.ActiveCfg = Release|Any CPU
		{0D0BF66E-69E6-4C24-8115-5299AE75F420}.Release|Any CPU.Build.0 = Release|Any CPU
		{AA59B86A-ADEA-4C8C-9150-D3B1252648D1}.Debug|Any CPU.ActiveCfg = Debug|Any CPU
		{AA59B86A-ADEA-4C8C-9150-D3B1252648D1}.Debug|Any CPU.Build.0 = Debug|Any CPU
		{AA59B86A-ADEA-4C8C-9150-D3B1252648D1}.Release|Any CPU.ActiveCfg = Release|Any CPU
		{AA59B86A-ADEA-4C8C-9150-D3B1252648D1}.Release|Any CPU.Build.0 = Release|Any CPU
		{17115C08-A549-4A5F-BEED-BF4E0F2A2D1A}.Debug|Any CPU.ActiveCfg = Debug|Any CPU
		{17115C08-A549-4A5F-BEED-BF4E0F2A2D1A}.Debug|Any CPU.Build.0 = Debug|Any CPU
		{17115C08-A549-4A5F-BEED-BF4E0F2A2D1A}.Release|Any CPU.ActiveCfg = Release|Any CPU
		{17115C08-A549-4A5F-BEED-BF4E0F2A2D1A}.Release|Any CPU.Build.0 = Release|Any CPU
	EndGlobalSection
	GlobalSection(SolutionProperties) = preSolution
		HideSolutionNode = FALSE
	EndGlobalSection
EndGlobal
